// !$*UTF8*$!
{
	archiveVersion = 1;
	classes = {
	};
	objectVersion = 77;
	objects = {

/* Begin PBXBuildFile section */
		C8345DF22DE661B6009A3907 /* libplistgen.a in Frameworks */ = {isa = PBXBuildFile; fileRef = C8345DF12DE661B6009A3907 /* libplistgen.a */; };
/* End PBXBuildFile section */

/* Begin PBXContainerItemProxy section */
		C8345DD52DE66155009A3907 /* PBXContainerItemProxy */ = {
			isa = PBXContainerItemProxy;
			containerPortal = C8345DBF2DE66153009A3907 /* Project object */;
			proxyType = 1;
			remoteGlobalIDString = C8345DC62DE66153009A3907;
			remoteInfo = plistServer;
		};
		C8345DDF2DE66155009A3907 /* PBXContainerItemProxy */ = {
			isa = PBXContainerItemProxy;
			containerPortal = C8345DBF2DE66153009A3907 /* Project object */;
			proxyType = 1;
			remoteGlobalIDString = C8345DC62DE66153009A3907;
			remoteInfo = plistServer;
		};
/* End PBXContainerItemProxy section */

/* Begin PBXFileReference section */
		C8345DC72DE66153009A3907 /* plistServer.app */ = {isa = PBXFileReference; explicitFileType = wrapper.application; includeInIndex = 0; path = plistServer.app; sourceTree = BUILT_PRODUCTS_DIR; };
		C8345DD42DE66155009A3907 /* plistServerTests.xctest */ = {isa = PBXFileReference; explicitFileType = wrapper.cfbundle; includeInIndex = 0; path = plistServerTests.xctest; sourceTree = BUILT_PRODUCTS_DIR; };
		C8345DDE2DE66155009A3907 /* plistServerUITests.xctest */ = {isa = PBXFileReference; explicitFileType = wrapper.cfbundle; includeInIndex = 0; path = plistServerUITests.xctest; sourceTree = BUILT_PRODUCTS_DIR; };
		C8345DF12DE661B6009A3907 /* libplistgen.a */ = {isa = PBXFileReference; lastKnownFileType = archive.ar; path = libplistgen.a; sourceTree = "<group>"; };
		C8345DF32DE662EA009A3907 /* plistgen.h */ = {isa = PBXFileReference; lastKnownFileType = sourcecode.c.h; path = plistgen.h; sourceTree = "<group>"; };
		C8345DF92DE66706009A3907 /* BridgingHeader.h */ = {isa = PBXFileReference; lastKnownFileType = sourcecode.c.h; path = BridgingHeader.h; sourceTree = "<group>"; };
/* End PBXFileReference section */

/* Begin PBXFileSystemSynchronizedRootGroup section */
		C8345DC92DE66153009A3907 /* plistServer */ = {
			isa = PBXFileSystemSynchronizedRootGroup;
			path = plistServer;
			sourceTree = "<group>";
		};
		C8345DD72DE66155009A3907 /* plistServerTests */ = {
			isa = PBXFileSystemSynchronizedRootGroup;
			path = plistServerTests;
			sourceTree = "<group>";
		};
		C8345DE12DE66155009A3907 /* plistServerUITests */ = {
			isa = PBXFileSystemSynchronizedRootGroup;
			path = plistServerUITests;
			sourceTree = "<group>";
		};
/* End PBXFileSystemSynchronizedRootGroup section */

/* Begin PBXFrameworksBuildPhase section */
		C8345DC42DE66153009A3907 /* Frameworks */ = {
			isa = PBXFrameworksBuildPhase;
			buildActionMask = 2147483647;
			files = (
				C8345DF22DE661B6009A3907 /* libplistgen.a in Frameworks */,
			);
			runOnlyForDeploymentPostprocessing = 0;
		};
		C8345DD12DE66155009A3907 /* Frameworks */ = {
			isa = PBXFrameworksBuildPhase;
			buildActionMask = 2147483647;
			files = (
			);
			runOnlyForDeploymentPostprocessing = 0;
		};
		C8345DDB2DE66155009A3907 /* Frameworks */ = {
			isa = PBXFrameworksBuildPhase;
			buildActionMask = 2147483647;
			files = (
			);
			runOnlyForDeploymentPostprocessing = 0;
		};
/* End PBXFrameworksBuildPhase section */

/* Begin PBXGroup section */
		C8345DBE2DE66153009A3907 = {
			isa = PBXGroup;
			children = (
				C8345DC92DE66153009A3907 /* plistServer */,
				C8345DD72DE66155009A3907 /* plistServerTests */,
				C8345DE12DE66155009A3907 /* plistServerUITests */,
				C8345DC82DE66153009A3907 /* Products */,
				C8345DF12DE661B6009A3907 /* libplistgen.a */,
				C8345DF32DE662EA009A3907 /* plistgen.h */,
				C8345DF92DE66706009A3907 /* BridgingHeader.h */,
			);
			sourceTree = "<group>";
		};
		C8345DC82DE66153009A3907 /* Products */ = {
			isa = PBXGroup;
			children = (
				C8345DC72DE66153009A3907 /* plistServer.app */,
				C8345DD42DE66155009A3907 /* plistServerTests.xctest */,
				C8345DDE2DE66155009A3907 /* plistServerUITests.xctest */,
			);
			name = Products;
			sourceTree = "<group>";
		};
/* End PBXGroup section */

/* Begin PBXNativeTarget section */
		C8345DC62DE66153009A3907 /* plistServer */ = {
			isa = PBXNativeTarget;
			buildConfigurationList = C8345DE82DE66155009A3907 /* Build configuration list for PBXNativeTarget "plistServer" */;
			buildPhases = (
				C8345DC32DE66153009A3907 /* Sources */,
				C8345DC42DE66153009A3907 /* Frameworks */,
				C8345DC52DE66153009A3907 /* Resources */,
			);
			buildRules = (
			);
			dependencies = (
			);
			fileSystemSynchronizedGroups = (
				C8345DC92DE66153009A3907 /* plistServer */,
			);
			name = plistServer;
			packageProductDependencies = (
			);
			productName = plistServer;
			productReference = C8345DC72DE66153009A3907 /* plistServer.app */;
			productType = "com.apple.product-type.application";
		};
		C8345DD32DE66155009A3907 /* plistServerTests */ = {
			isa = PBXNativeTarget;
			buildConfigurationList = C8345DEB2DE66155009A3907 /* Build configuration list for PBXNativeTarget "plistServerTests" */;
			buildPhases = (
				C8345DD02DE66155009A3907 /* Sources */,
				C8345DD12DE66155009A3907 /* Frameworks */,
				C8345DD22DE66155009A3907 /* Resources */,
			);
			buildRules = (
			);
			dependencies = (
				C8345DD62DE66155009A3907 /* PBXTargetDependency */,
			);
			fileSystemSynchronizedGroups = (
				C8345DD72DE66155009A3907 /* plistServerTests */,
			);
			name = plistServerTests;
			packageProductDependencies = (
			);
			productName = plistServerTests;
			productReference = C8345DD42DE66155009A3907 /* plistServerTests.xctest */;
			productType = "com.apple.product-type.bundle.unit-test";
		};
		C8345DDD2DE66155009A3907 /* plistServerUITests */ = {
			isa = PBXNativeTarget;
			buildConfigurationList = C8345DEE2DE66155009A3907 /* Build configuration list for PBXNativeTarget "plistServerUITests" */;
			buildPhases = (
				C8345DDA2DE66155009A3907 /* Sources */,
				C8345DDB2DE66155009A3907 /* Frameworks */,
				C8345DDC2DE66155009A3907 /* Resources */,
			);
			buildRules = (
			);
			dependencies = (
				C8345DE02DE66155009A3907 /* PBXTargetDependency */,
			);
			fileSystemSynchronizedGroups = (
				C8345DE12DE66155009A3907 /* plistServerUITests */,
			);
			name = plistServerUITests;
			packageProductDependencies = (
			);
			productName = plistServerUITests;
			productReference = C8345DDE2DE66155009A3907 /* plistServerUITests.xctest */;
			productType = "com.apple.product-type.bundle.ui-testing";
		};
/* End PBXNativeTarget section */

/* Begin PBXProject section */
		C8345DBF2DE66153009A3907 /* Project object */ = {
			isa = PBXProject;
			attributes = {
				BuildIndependentTargetsInParallel = 1;
				LastSwiftUpdateCheck = 1630;
				LastUpgradeCheck = 1630;
				TargetAttributes = {
					C8345DC62DE66153009A3907 = {
						CreatedOnToolsVersion = 16.3;
					};
					C8345DD32DE66155009A3907 = {
						CreatedOnToolsVersion = 16.3;
						TestTargetID = C8345DC62DE66153009A3907;
					};
					C8345DDD2DE66155009A3907 = {
						CreatedOnToolsVersion = 16.3;
						TestTargetID = C8345DC62DE66153009A3907;
					};
				};
			};
			buildConfigurationList = C8345DC22DE66153009A3907 /* Build configuration list for PBXProject "plistServer" */;
			developmentRegion = en;
			hasScannedForEncodings = 0;
			knownRegions = (
				en,
				Base,
			);
			mainGroup = C8345DBE2DE66153009A3907;
			minimizedProjectReferenceProxies = 1;
			preferredProjectObjectVersion = 77;
			productRefGroup = C8345DC82DE66153009A3907 /* Products */;
			projectDirPath = "";
			projectRoot = "";
			targets = (
				C8345DC62DE66153009A3907 /* plistServer */,
				C8345DD32DE66155009A3907 /* plistServerTests */,
				C8345DDD2DE66155009A3907 /* plistServerUITests */,
			);
		};
/* End PBXProject section */

/* Begin PBXResourcesBuildPhase section */
		C8345DC52DE66153009A3907 /* Resources */ = {
			isa = PBXResourcesBuildPhase;
			buildActionMask = 2147483647;
			files = (
			);
			runOnlyForDeploymentPostprocessing = 0;
		};
		C8345DD22DE66155009A3907 /* Resources */ = {
			isa = PBXResourcesBuildPhase;
			buildActionMask = 2147483647;
			files = (
			);
			runOnlyForDeploymentPostprocessing = 0;
		};
		C8345DDC2DE66155009A3907 /* Resources */ = {
			isa = PBXResourcesBuildPhase;
			buildActionMask = 2147483647;
			files = (
			);
			runOnlyForDeploymentPostprocessing = 0;
		};
/* End PBXResourcesBuildPhase section */

/* Begin PBXSourcesBuildPhase section */
		C8345DC32DE66153009A3907 /* Sources */ = {
			isa = PBXSourcesBuildPhase;
			buildActionMask = 2147483647;
			files = (
			);
			runOnlyForDeploymentPostprocessing = 0;
		};
		C8345DD02DE66155009A3907 /* Sources */ = {
			isa = PBXSourcesBuildPhase;
			buildActionMask = 2147483647;
			files = (
			);
			runOnlyForDeploymentPostprocessing = 0;
		};
		C8345DDA2DE66155009A3907 /* Sources */ = {
			isa = PBXSourcesBuildPhase;
			buildActionMask = 2147483647;
			files = (
			);
			runOnlyForDeploymentPostprocessing = 0;
		};
/* End PBXSourcesBuildPhase section */

/* Begin PBXTargetDependency section */
		C8345DD62DE66155009A3907 /* PBXTargetDependency */ = {
			isa = PBXTargetDependency;
			target = C8345DC62DE66153009A3907 /* plistServer */;
			targetProxy = C8345DD52DE66155009A3907 /* PBXContainerItemProxy */;
		};
		C8345DE02DE66155009A3907 /* PBXTargetDependency */ = {
			isa = PBXTargetDependency;
			target = C8345DC62DE66153009A3907 /* plistServer */;
			targetProxy = C8345DDF2DE66155009A3907 /* PBXContainerItemProxy */;
		};
/* End PBXTargetDependency section */

/* Begin XCBuildConfiguration section */
		C8345DE62DE66155009A3907 /* Debug */ = {
			isa = XCBuildConfiguration;
			buildSettings = {
				ALWAYS_SEARCH_USER_PATHS = NO;
				ASSETCATALOG_COMPILER_GENERATE_SWIFT_ASSET_SYMBOL_EXTENSIONS = YES;
				CLANG_ANALYZER_NONNULL = YES;
				CLANG_ANALYZER_NUMBER_OBJECT_CONVERSION = YES_AGGRESSIVE;
				CLANG_CXX_LANGUAGE_STANDARD = "gnu++20";
				CLANG_ENABLE_MODULES = YES;
				CLANG_ENABLE_OBJC_ARC = YES;
				CLANG_ENABLE_OBJC_WEAK = YES;
				CLANG_WARN_BLOCK_CAPTURE_AUTORELEASING = YES;
				CLANG_WARN_BOOL_CONVERSION = YES;
				CLANG_WARN_COMMA = YES;
				CLANG_WARN_CONSTANT_CONVERSION = YES;
				CLANG_WARN_DEPRECATED_OBJC_IMPLEMENTATIONS = YES;
				CLANG_WARN_DIRECT_OBJC_ISA_USAGE = YES_ERROR;
				CLANG_WARN_DOCUMENTATION_COMMENTS = YES;
				CLANG_WARN_EMPTY_BODY = YES;
				CLANG_WARN_ENUM_CONVERSION = YES;
				CLANG_WARN_INFINITE_RECURSION = YES;
				CLANG_WARN_INT_CONVERSION = YES;
				CLANG_WARN_NON_LITERAL_NULL_CONVERSION = YES;
				CLANG_WARN_OBJC_IMPLICIT_RETAIN_SELF = YES;
				CLANG_WARN_OBJC_LITERAL_CONVERSION = YES;
				CLANG_WARN_OBJC_ROOT_CLASS = YES_ERROR;
				CLANG_WARN_QUOTED_INCLUDE_IN_FRAMEWORK_HEADER = YES;
				CLANG_WARN_RANGE_LOOP_ANALYSIS = YES;
				CLANG_WARN_STRICT_PROTOTYPES = YES;
				CLANG_WARN_SUSPICIOUS_MOVE = YES;
				CLANG_WARN_UNGUARDED_AVAILABILITY = YES_AGGRESSIVE;
				CLANG_WARN_UNREACHABLE_CODE = YES;
				CLANG_WARN__DUPLICATE_METHOD_MATCH = YES;
				COPY_PHASE_STRIP = NO;
				DEBUG_INFORMATION_FORMAT = dwarf;
				ENABLE_STRICT_OBJC_MSGSEND = YES;
				ENABLE_TESTABILITY = YES;
				ENABLE_USER_SCRIPT_SANDBOXING = YES;
				GCC_C_LANGUAGE_STANDARD = gnu17;
				GCC_DYNAMIC_NO_PIC = NO;
				GCC_NO_COMMON_BLOCKS = YES;
				GCC_OPTIMIZATION_LEVEL = 0;
				GCC_PREPROCESSOR_DEFINITIONS = (
					"DEBUG=1",
					"$(inherited)",
				);
				GCC_WARN_64_TO_32_BIT_CONVERSION = YES;
				GCC_WARN_ABOUT_RETURN_TYPE = YES_ERROR;
				GCC_WARN_UNDECLARED_SELECTOR = YES;
				GCC_WARN_UNINITIALIZED_AUTOS = YES_AGGRESSIVE;
				GCC_WARN_UNUSED_FUNCTION = YES;
				GCC_WARN_UNUSED_VARIABLE = YES;
				IPHONEOS_DEPLOYMENT_TARGET = 18.4;
				LOCALIZATION_PREFERS_STRING_CATALOGS = YES;
				MTL_ENABLE_DEBUG_INFO = INCLUDE_SOURCE;
				MTL_FAST_MATH = YES;
				ONLY_ACTIVE_ARCH = YES;
				SDKROOT = iphoneos;
				SWIFT_ACTIVE_COMPILATION_CONDITIONS = "DEBUG $(inherited)";
				SWIFT_OBJC_BRIDGING_HEADER = plistServer/BridgingHeader.h;
				SWIFT_OPTIMIZATION_LEVEL = "-Onone";
			};
			name = Debug;
		};
		C8345DE72DE66155009A3907 /* Release */ = {
			isa = XCBuildConfiguration;
			buildSettings = {
				ALWAYS_SEARCH_USER_PATHS = NO;
				ASSETCATALOG_COMPILER_GENERATE_SWIFT_ASSET_SYMBOL_EXTENSIONS = YES;
				CLANG_ANALYZER_NONNULL = YES;
				CLANG_ANALYZER_NUMBER_OBJECT_CONVERSION = YES_AGGRESSIVE;
				CLANG_CXX_LANGUAGE_STANDARD = "gnu++20";
				CLANG_ENABLE_MODULES = YES;
				CLANG_ENABLE_OBJC_ARC = YES;
				CLANG_ENABLE_OBJC_WEAK = YES;
				CLANG_WARN_BLOCK_CAPTURE_AUTORELEASING = YES;
				CLANG_WARN_BOOL_CONVERSION = YES;
				CLANG_WARN_COMMA = YES;
				CLANG_WARN_CONSTANT_CONVERSION = YES;
				CLANG_WARN_DEPRECATED_OBJC_IMPLEMENTATIONS = YES;
				CLANG_WARN_DIRECT_OBJC_ISA_USAGE = YES_ERROR;
				CLANG_WARN_DOCUMENTATION_COMMENTS = YES;
				CLANG_WARN_EMPTY_BODY = YES;
				CLANG_WARN_ENUM_CONVERSION = YES;
				CLANG_WARN_INFINITE_RECURSION = YES;
				CLANG_WARN_INT_CONVERSION = YES;
				CLANG_WARN_NON_LITERAL_NULL_CONVERSION = YES;
				CLANG_WARN_OBJC_IMPLICIT_RETAIN_SELF = YES;
				CLANG_WARN_OBJC_LITERAL_CONVERSION = YES;
				CLANG_WARN_OBJC_ROOT_CLASS = YES_ERROR;
				CLANG_WARN_QUOTED_INCLUDE_IN_FRAMEWORK_HEADER = YES;
				CLANG_WARN_RANGE_LOOP_ANALYSIS = YES;
				CLANG_WARN_STRICT_PROTOTYPES = YES;
				CLANG_WARN_SUSPICIOUS_MOVE = YES;
				CLANG_WARN_UNGUARDED_AVAILABILITY = YES_AGGRESSIVE;
				CLANG_WARN_UNREACHABLE_CODE = YES;
				CLANG_WARN__DUPLICATE_METHOD_MATCH = YES;
				COPY_PHASE_STRIP = NO;
				DEBUG_INFORMATION_FORMAT = "dwarf-with-dsym";
				ENABLE_NS_ASSERTIONS = NO;
				ENABLE_STRICT_OBJC_MSGSEND = YES;
				ENABLE_USER_SCRIPT_SANDBOXING = YES;
				GCC_C_LANGUAGE_STANDARD = gnu17;
				GCC_NO_COMMON_BLOCKS = YES;
				GCC_WARN_64_TO_32_BIT_CONVERSION = YES;
				GCC_WARN_ABOUT_RETURN_TYPE = YES_ERROR;
				GCC_WARN_UNDECLARED_SELECTOR = YES;
				GCC_WARN_UNINITIALIZED_AUTOS = YES_AGGRESSIVE;
				GCC_WARN_UNUSED_FUNCTION = YES;
				GCC_WARN_UNUSED_VARIABLE = YES;
				IPHONEOS_DEPLOYMENT_TARGET = 18.4;
				LOCALIZATION_PREFERS_STRING_CATALOGS = YES;
				MTL_ENABLE_DEBUG_INFO = NO;
				MTL_FAST_MATH = YES;
				SDKROOT = iphoneos;
				SWIFT_COMPILATION_MODE = wholemodule;
				SWIFT_OBJC_BRIDGING_HEADER = plistServer/BridgingHeader.h;
				VALIDATE_PRODUCT = YES;
			};
			name = Release;
		};
		C8345DE92DE66155009A3907 /* Debug */ = {
			isa = XCBuildConfiguration;
			buildSettings = {
				ASSETCATALOG_COMPILER_APPICON_NAME = AppIcon;
				ASSETCATALOG_COMPILER_GLOBAL_ACCENT_COLOR_NAME = AccentColor;
				CODE_SIGN_IDENTITY = "";
				CODE_SIGN_STYLE = Manual;
				CURRENT_PROJECT_VERSION = 1;
				DEVELOPMENT_TEAM = "";
				ENABLE_PREVIEWS = YES;
				GENERATE_INFOPLIST_FILE = YES;
				INFOPLIST_KEY_UIApplicationSceneManifest_Generation = YES;
				INFOPLIST_KEY_UIApplicationSupportsIndirectInputEvents = YES;
				INFOPLIST_KEY_UILaunchScreen_Generation = YES;
				INFOPLIST_KEY_UISupportedInterfaceOrientations_iPad = "UIInterfaceOrientationPortrait UIInterfaceOrientationPortraitUpsideDown UIInterfaceOrientationLandscapeLeft UIInterfaceOrientationLandscapeRight";
				INFOPLIST_KEY_UISupportedInterfaceOrientations_iPhone = "UIInterfaceOrientationPortrait UIInterfaceOrientationLandscapeLeft UIInterfaceOrientationLandscapeRight";
				LD_RUNPATH_SEARCH_PATHS = (
					"$(inherited)",
					"@executable_path/Frameworks",
				);
				LIBRARY_SEARCH_PATHS = (
					"$(inherited)",
					"$(PROJECT_DIR)",
				);
				MARKETING_VERSION = 1.0;
				PRODUCT_BUNDLE_IDENTIFIER = plistserver.ios.plistServer;
				PRODUCT_NAME = "$(TARGET_NAME)";
				PROVISIONING_PROFILE_SPECIFIER = "";
				SWIFT_EMIT_LOC_STRINGS = YES;
				SWIFT_VERSION = 5.0;
				TARGETED_DEVICE_FAMILY = "1,2";
			};
			name = Debug;
		};
		C8345DEA2DE66155009A3907 /* Release */ = {
			isa = XCBuildConfiguration;
			buildSettings = {
				ASSETCATALOG_COMPILER_APPICON_NAME = AppIcon;
				ASSETCATALOG_COMPILER_GLOBAL_ACCENT_COLOR_NAME = AccentColor;
				CODE_SIGN_IDENTITY = "";
				CODE_SIGN_STYLE = Manual;
				CURRENT_PROJECT_VERSION = 1;
				DEVELOPMENT_TEAM = "";
				ENABLE_PREVIEWS = YES;
				GENERATE_INFOPLIST_FILE = YES;
				INFOPLIST_KEY_UIApplicationSceneManifest_Generation = YES;
				INFOPLIST_KEY_UIApplicationSupportsIndirectInputEvents = YES;
				INFOPLIST_KEY_UILaunchScreen_Generation = YES;
				INFOPLIST_KEY_UISupportedInterfaceOrientations_iPad = "UIInterfaceOrientationPortrait UIInterfaceOrientationPortraitUpsideDown UIInterfaceOrientationLandscapeLeft UIInterfaceOrientationLandscapeRight";
				INFOPLIST_KEY_UISupportedInterfaceOrientations_iPhone = "UIInterfaceOrientationPortrait UIInterfaceOrientationLandscapeLeft UIInterfaceOrientationLandscapeRight";
				LD_RUNPATH_SEARCH_PATHS = (
					"$(inherited)",
					"@executable_path/Frameworks",
				);
				LIBRARY_SEARCH_PATHS = (
					"$(inherited)",
					"$(PROJECT_DIR)",
				);
				MARKETING_VERSION = 1.0;
				PRODUCT_BUNDLE_IDENTIFIER = plistserver.ios.plistServer;
				PRODUCT_NAME = "$(TARGET_NAME)";
				PROVISIONING_PROFILE_SPECIFIER = "";
				SWIFT_EMIT_LOC_STRINGS = YES;
				SWIFT_VERSION = 5.0;
				TARGETED_DEVICE_FAMILY = "1,2";
			};
			name = Release;
		};
		C8345DEC2DE66155009A3907 /* Debug */ = {
			isa = XCBuildConfiguration;
			buildSettings = {
				BUNDLE_LOADER = "$(TEST_HOST)";
				CODE_SIGN_STYLE = Automatic;
				CURRENT_PROJECT_VERSION = 1;
				GENERATE_INFOPLIST_FILE = YES;
				IPHONEOS_DEPLOYMENT_TARGET = 18.4;
				MARKETING_VERSION = 1.0;
				PRODUCT_BUNDLE_IDENTIFIER = plistserver.ios.plistServerTests;
				PRODUCT_NAME = "$(TARGET_NAME)";
				SWIFT_EMIT_LOC_STRINGS = NO;
				SWIFT_VERSION = 5.0;
				TARGETED_DEVICE_FAMILY = "1,2";
				TEST_HOST = "$(BUILT_PRODUCTS_DIR)/plistServer.app/$(BUNDLE_EXECUTABLE_FOLDER_PATH)/plistServer";
			};
			name = Debug;
		};
		C8345DED2DE66155009A3907 /* Release */ = {
			isa = XCBuildConfiguration;
			buildSettings = {
				BUNDLE_LOADER = "$(TEST_HOST)";
				CODE_SIGN_STYLE = Automatic;
				CURRENT_PROJECT_VERSION = 1;
				GENERATE_INFOPLIST_FILE = YES;
				IPHONEOS_DEPLOYMENT_TARGET = 18.4;
				MARKETING_VERSION = 1.0;
				PRODUCT_BUNDLE_IDENTIFIER = plistserver.ios.plistServerTests;
				PRODUCT_NAME = "$(TARGET_NAME)";
				SWIFT_EMIT_LOC_STRINGS = NO;
				SWIFT_VERSION = 5.0;
				TARGETED_DEVICE_FAMILY = "1,2";
				TEST_HOST = "$(BUILT_PRODUCTS_DIR)/plistServer.app/$(BUNDLE_EXECUTABLE_FOLDER_PATH)/plistServer";
			};
			name = Release;
		};
		C8345DEF2DE66155009A3907 /* Debug */ = {
			isa = XCBuildConfiguration;
			buildSettings = {
				CODE_SIGN_STYLE = Automatic;
				CURRENT_PROJECT_VERSION = 1;
				GENERATE_INFOPLIST_FILE = YES;
				MARKETING_VERSION = 1.0;
				PRODUCT_BUNDLE_IDENTIFIER = plistserver.ios.plistServerUITests;
				PRODUCT_NAME = "$(TARGET_NAME)";
				SWIFT_EMIT_LOC_STRINGS = NO;
				SWIFT_VERSION = 5.0;
				TARGETED_DEVICE_FAMILY = "1,2";
				TEST_TARGET_NAME = plistServer;
			};
			name = Debug;
		};
		C8345DF02DE66155009A3907 /* Release */ = {
			isa = XCBuildConfiguration;
			buildSettings = {
				CODE_SIGN_STYLE = Automatic;
				CURRENT_PROJECT_VERSION = 1;
				GENERATE_INFOPLIST_FILE = YES;
				MARKETING_VERSION = 1.0;
				PRODUCT_BUNDLE_IDENTIFIER = plistserver.ios.plistServerUITests;
				PRODUCT_NAME = "$(TARGET_NAME)";
				SWIFT_EMIT_LOC_STRINGS = NO;
				SWIFT_VERSION = 5.0;
				TARGETED_DEVICE_FAMILY = "1,2";
				TEST_TARGET_NAME = plistServer;
			};
			name = Release;
		};
/* End XCBuildConfiguration section */

/* Begin XCConfigurationList section */
		C8345DC22DE66153009A3907 /* Build configuration list for PBXProject "plistServer" */ = {
			isa = XCConfigurationList;
			buildConfigurations = (
				C8345DE62DE66155009A3907 /* Debug */,
				C8345DE72DE66155009A3907 /* Release */,
			);
			defaultConfigurationIsVisible = 0;
			defaultConfigurationName = Release;
		};
		C8345DE82DE66155009A3907 /* Build configuration list for PBXNativeTarget "plistServer" */ = {
			isa = XCConfigurationList;
			buildConfigurations = (
				C8345DE92DE66155009A3907 /* Debug */,
				C8345DEA2DE66155009A3907 /* Release */,
			);
			defaultConfigurationIsVisible = 0;
			defaultConfigurationName = Release;
		};
		C8345DEB2DE66155009A3907 /* Build configuration list for PBXNativeTarget "plistServerTests" */ = {
			isa = XCConfigurationList;
			buildConfigurations = (
				C8345DEC2DE66155009A3907 /* Debug */,
				C8345DED2DE66155009A3907 /* Release */,
			);
			defaultConfigurationIsVisible = 0;
			defaultConfigurationName = Release;
		};
		C8345DEE2DE66155009A3907 /* Build configuration list for PBXNativeTarget "plistServerUITests" */ = {
			isa = XCConfigurationList;
			buildConfigurations = (
				C8345DEF2DE66155009A3907 /* Debug */,
				C8345DF02DE66155009A3907 /* Release */,
			);
			defaultConfigurationIsVisible = 0;
			defaultConfigurationName = Release;
		};
/* End XCConfigurationList section */
	};
	rootObject = C8345DBF2DE66153009A3907 /* Project object */;
}
